
Microsoft Visual Studio Solution File, Format Version 12.00
# Visual Studio Version 16
VisualStudioVersion = 16.0.32002.261
MinimumVisualStudioVersion = 10.0.40219.1
Project("{FAE04EC0-301F-11D3-BF4B-00C04F79EFBC}") = "lab5", "lab5\lab5.csproj", "{366285F4-CF58-49A6-AC01-B37675EF7C67}"
EndProject
Global
	GlobalSection(SolutionConfigurationPlatforms) = preSolution
		Debug|Any CPU = Debug|Any CPU
		Release|Any CPU = Release|Any CPU
	EndGlobalSection
	GlobalSection(ProjectConfigurationPlatforms) = postSolution
		{366285F4-CF58-49A6-AC01-B37675EF7C67}.Debug|Any CPU.ActiveCfg = Debug|Any CPU
		{366285F4-CF58-49A6-AC01-B37675EF7C67}.Debug|Any CPU.Build.0 = Debug|Any CPU
		{366285F4-CF58-49A6-AC01-B37675EF7C67}.Release|Any CPU.ActiveCfg = Release|Any CPU
		{366285F4-CF58-49A6-AC01-B37675EF7C67}.Release|Any CPU.Build.0 = Release|Any CPU
	EndGlobalSection
	GlobalSection(SolutionProperties) = preSolution
		HideSolutionNode = FALSE
	EndGlobalSection
	GlobalSection(ExtensibilityGlobals) = postSolution
		SolutionGuid = {33058F05-CC89-4FBB-9342-794EB35C7ECD}
	EndGlobalSection
EndGlobal
